
Microsoft Visual Studio Solution File, Format Version 12.00
# Visual Studio Version 17
VisualStudioVersion = 17.12.35527.113 d17.12
MinimumVisualStudioVersion = 10.0.40219.1
Project("{FAE04EC0-301F-11D3-BF4B-00C04F79EFBC}") = "UserInterface", "UserInterface.csproj", "{2223C2FB-46BE-4EEC-848B-8B88C5161AB6}"
EndProject
Project("{FAE04EC0-301F-11D3-BF4B-00C04F79EFBC}") = "ApplicationServices", "..\ApplicationServices\ApplicationServices.csproj", "{8A927044-3230-484F-A74B-0EDEED93B559}"
EndProject
Project("{FAE04EC0-301F-11D3-BF4B-00C04F79EFBC}") = "DomainServices", "..\DomainServices\DomainServices.csproj", "{D0804AFB-18DA-4565-A91B-F6A3074B1EC3}"
EndProject
Project("{FAE04EC0-301F-11D3-BF4B-00C04F79EFBC}") = "DomainModel", "..\DomainModel\DomainModel.csproj", "{A6343323-2ED3-4B64-A5FB-F751975329FA}"
EndProject
Global
	GlobalSection(SolutionConfigurationPlatforms) = preSolution
		Debug|Any CPU = Debug|Any CPU
		Release|Any CPU = Release|Any CPU
	EndGlobalSection
	GlobalSection(ProjectConfigurationPlatforms) = postSolution
		{2223C2FB-46BE-4EEC-848B-8B88C5161AB6}.Debug|Any CPU.ActiveCfg = Debug|Any CPU
		{2223C2FB-46BE-4EEC-848B-8B88C5161AB6}.Debug|Any CPU.Build.0 = Debug|Any CPU
		{2223C2FB-46BE-4EEC-848B-8B88C5161AB6}.Release|Any CPU.ActiveCfg = Release|Any CPU
		{2223C2FB-46BE-4EEC-848B-8B88C5161AB6}.Release|Any CPU.Build.0 = Release|Any CPU
		{8A927044-3230-484F-A74B-0EDEED93B559}.Debug|Any CPU.ActiveCfg = Debug|Any CPU
		{8A927044-3230-484F-A74B-0EDEED93B559}.Debug|Any CPU.Build.0 = Debug|Any CPU
		{8A927044-3230-484F-A74B-0EDEED93B559}.Release|Any CPU.ActiveCfg = Release|Any CPU
		{8A927044-3230-484F-A74B-0EDEED93B559}.Release|Any CPU.Build.0 = Release|Any CPU
		{D0804AFB-18DA-4565-A91B-F6A3074B1EC3}.Debug|Any CPU.ActiveCfg = Debug|Any CPU
		{D0804AFB-18DA-4565-A91B-F6A3074B1EC3}.Debug|Any CPU.Build.0 = Debug|Any CPU
		{D0804AFB-18DA-4565-A91B-F6A3074B1EC3}.Release|Any CPU.ActiveCfg = Release|Any CPU
		{D0804AFB-18DA-4565-A91B-F6A3074B1EC3}.Release|Any CPU.Build.0 = Release|Any CPU
		{A6343323-2ED3-4B64-A5FB-F751975329FA}.Debug|Any CPU.ActiveCfg = Debug|Any CPU
		{A6343323-2ED3-4B64-A5FB-F751975329FA}.Debug|Any CPU.Build.0 = Debug|Any CPU
		{A6343323-2ED3-4B64-A5FB-F751975329FA}.Release|Any CPU.ActiveCfg = Release|Any CPU
		{A6343323-2ED3-4B64-A5FB-F751975329FA}.Release|Any CPU.Build.0 = Release|Any CPU
	EndGlobalSection
	GlobalSection(SolutionProperties) = preSolution
		HideSolutionNode = FALSE
	EndGlobalSection
EndGlobal
